
Microsoft Visual Studio Solution File, Format Version 12.00
# Visual Studio Version 17
VisualStudioVersion = 17.2.32616.157
MinimumVisualStudioVersion = 10.0.40219.1
Project("{9A19103F-16F7-4668-BE54-9A1E7A4F7556}") = "Names", "ConsoleApp2\Names.csproj", "{7A070B41-76D5-4A26-8CD3-644F7316FB36}"
EndProject
Project("{9A19103F-16F7-4668-BE54-9A1E7A4F7556}") = "NameEchoer", "NameEcho\NameEchoer.csproj", "{76519119-BCF1-4D9A-9004-4909420F411D}"
EndProject
Global
	GlobalSection(SolutionConfigurationPlatforms) = preSolution
		Debug|Any CPU = Debug|Any CPU
		Release|Any CPU = Release|Any CPU
	EndGlobalSection
	GlobalSection(ProjectConfigurationPlatforms) = postSolution
		{7A070B41-76D5-4A26-8CD3-644F7316FB36}.Debug|Any CPU.ActiveCfg = Debug|Any CPU
		{7A070B41-76D5-4A26-8CD3-644F7316FB36}.Debug|Any CPU.Build.0 = Debug|Any CPU
		{7A070B41-76D5-4A26-8CD3-644F7316FB36}.Release|Any CPU.ActiveCfg = Release|Any CPU
		{7A070B41-76D5-4A26-8CD3-644F7316FB36}.Release|Any CPU.Build.0 = Release|Any CPU
		{76519119-BCF1-4D9A-9004-4909420F411D}.Debug|Any CPU.ActiveCfg = Debug|Any CPU
		{76519119-BCF1-4D9A-9004-4909420F411D}.Debug|Any CPU.Build.0 = Debug|Any CPU
		{76519119-BCF1-4D9A-9004-4909420F411D}.Release|Any CPU.ActiveCfg = Release|Any CPU
		{76519119-BCF1-4D9A-9004-4909420F411D}.Release|Any CPU.Build.0 = Release|Any CPU
	EndGlobalSection
	GlobalSection(SolutionProperties) = preSolution
		HideSolutionNode = FALSE
	EndGlobalSection
	GlobalSection(ExtensibilityGlobals) = postSolution
		SolutionGuid = {502EB76C-CEA6-446E-BB24-760982A05AAE}
	EndGlobalSection
EndGlobal
